
Microsoft Visual Studio Solution File, Format Version 12.00
# Visual Studio Version 17
VisualStudioVersion = 17.11.35312.102
MinimumVisualStudioVersion = 10.0.40219.1
Project("{FAE04EC0-301F-11D3-BF4B-00C04F79EFBC}") = "MimiPosStore", "MimiPosStore.csproj", "{0624965E-6BC0-4340-A9E2-77F08848B7B2}"
EndProject
Global
	GlobalSection(SolutionConfigurationPlatforms) = preSolution
		Debug|Any CPU = Debug|Any CPU
		Release|Any CPU = Release|Any CPU
	EndGlobalSection
	GlobalSection(ProjectConfigurationPlatforms) = postSolution
		{0624965E-6BC0-4340-A9E2-77F08848B7B2}.Debug|Any CPU.ActiveCfg = Debug|Any CPU
		{0624965E-6BC0-4340-A9E2-77F08848B7B2}.Debug|Any CPU.Build.0 = Debug|Any CPU
		{0624965E-6BC0-4340-A9E2-77F08848B7B2}.Release|Any CPU.ActiveCfg = Release|Any CPU
		{0624965E-6BC0-4340-A9E2-77F08848B7B2}.Release|Any CPU.Build.0 = Release|Any CPU
	EndGlobalSection
	GlobalSection(SolutionProperties) = preSolution
		HideSolutionNode = FALSE
	EndGlobalSection
	GlobalSection(ExtensibilityGlobals) = postSolution
		SolutionGuid = {9AC52240-F9EF-490D-81F3-65914DF3F20B}
	EndGlobalSection
EndGlobal
